// !$*UTF8*$!
{
	archiveVersion = 1;
	classes = {
	};
	objectVersion = 46;
	objects = {

/* Begin PBXBuildFile section */
		F3EC9F8E1A02F11500580511 /* main.m in Sources */ = {isa = PBXBuildFile; fileRef = F3EC9F8D1A02F11500580511 /* main.m */; };
		F3EC9F911A02F11500580511 /* AppDelegate.m in Sources */ = {isa = PBXBuildFile; fileRef = F3EC9F901A02F11500580511 /* AppDelegate.m */; };
		F3EC9F941A02F11500580511 /* FirstViewController.m in Sources */ = {isa = PBXBuildFile; fileRef = F3EC9F931A02F11500580511 /* FirstViewController.m */; };
		F3EC9F971A02F11500580511 /* SecondViewController.m in Sources */ = {isa = PBXBuildFile; fileRef = F3EC9F961A02F11500580511 /* SecondViewController.m */; };
		F3EC9F9A1A02F11500580511 /* Main.storyboard in Resources */ = {isa = PBXBuildFile; fileRef = F3EC9F981A02F11500580511 /* Main.storyboard */; };
		F3EC9F9C1A02F11500580511 /* Images.xcassets in Resources */ = {isa = PBXBuildFile; fileRef = F3EC9F9B1A02F11500580511 /* Images.xcassets */; };
		F3EC9F9F1A02F11500580511 /* LaunchScreen.xib in Resources */ = {isa = PBXBuildFile; fileRef = F3EC9F9D1A02F11500580511 /* LaunchScreen.xib */; };
		F3EC9FAB1A02F11500580511 /* ParkAppTests.m in Sources */ = {isa = PBXBuildFile; fileRef = F3EC9FAA1A02F11500580511 /* ParkAppTests.m */; };
/* End PBXBuildFile section */

/* Begin PBXContainerItemProxy section */
		F3EC9FA51A02F11500580511 /* PBXContainerItemProxy */ = {
			isa = PBXContainerItemProxy;
			containerPortal = F3EC9F801A02F11500580511 /* Project object */;
			proxyType = 1;
			remoteGlobalIDString = F3EC9F871A02F11500580511;
			remoteInfo = ParkApp;
		};
/* End PBXContainerItemProxy section */

/* Begin PBXFileReference section */
		F3EC9F881A02F11500580511 /* ParkApp.app */ = {isa = PBXFileReference; explicitFileType = wrapper.application; includeInIndex = 0; path = ParkApp.app; sourceTree = BUILT_PRODUCTS_DIR; };
		F3EC9F8C1A02F11500580511 /* Info.plist */ = {isa = PBXFileReference; lastKnownFileType = text.plist.xml; path = Info.plist; sourceTree = "<group>"; };
		F3EC9F8D1A02F11500580511 /* main.m */ = {isa = PBXFileReference; lastKnownFileType = sourcecode.c.objc; path = main.m; sourceTree = "<group>"; };
		F3EC9F8F1A02F11500580511 /* AppDelegate.h */ = {isa = PBXFileReference; lastKnownFileType = sourcecode.c.h; path = AppDelegate.h; sourceTree = "<group>"; };
		F3EC9F901A02F11500580511 /* AppDelegate.m */ = {isa = PBXFileReference; lastKnownFileType = sourcecode.c.objc; path = AppDelegate.m; sourceTree = "<group>"; };
		F3EC9F921A02F11500580511 /* FirstViewController.h */ = {isa = PBXFileReference; lastKnownFileType = sourcecode.c.h; path = FirstViewController.h; sourceTree = "<group>"; };
		F3EC9F931A02F11500580511 /* FirstViewController.m */ = {isa = PBXFileReference; lastKnownFileType = sourcecode.c.objc; path = FirstViewController.m; sourceTree = "<group>"; };
		F3EC9F951A02F11500580511 /* SecondViewController.h */ = {isa = PBXFileReference; lastKnownFileType = sourcecode.c.h; path = SecondViewController.h; sourceTree = "<group>"; };
		F3EC9F961A02F11500580511 /* SecondViewController.m */ = {isa = PBXFileReference; lastKnownFileType = sourcecode.c.objc; path = SecondViewController.m; sourceTree = "<group>"; };
		F3EC9F991A02F11500580511 /* Base */ = {isa = PBXFileReference; lastKnownFileType = file.storyboard; name = Base; path = Base.lproj/Main.storyboard; sourceTree = "<group>"; };
		F3EC9F9B1A02F11500580511 /* Images.xcassets */ = {isa = PBXFileReference; lastKnownFileType = folder.assetcatalog; path = Images.xcassets; sourceTree = "<group>"; };
		F3EC9F9E1A02F11500580511 /* Base */ = {isa = PBXFileReference; lastKnownFileType = file.xib; name = Base; path = Base.lproj/LaunchScreen.xib; sourceTree = "<group>"; };
		F3EC9FA41A02F11500580511 /* ParkAppTests.xctest */ = {isa = PBXFileReference; explicitFileType = wrapper.cfbundle; includeInIndex = 0; path = ParkAppTests.xctest; sourceTree = BUILT_PRODUCTS_DIR; };
		F3EC9FA91A02F11500580511 /* Info.plist */ = {isa = PBXFileReference; lastKnownFileType = text.plist.xml; path = Info.plist; sourceTree = "<group>"; };
		F3EC9FAA1A02F11500580511 /* ParkAppTests.m */ = {isa = PBXFileReference; lastKnownFileType = sourcecode.c.objc; path = ParkAppTests.m; sourceTree = "<group>"; };
/* End PBXFileReference section */

/* Begin PBXFrameworksBuildPhase section */
		F3EC9F851A02F11500580511 /* Frameworks */ = {
			isa = PBXFrameworksBuildPhase;
			buildActionMask = 2147483647;
			files = (
			);
			runOnlyForDeploymentPostprocessing = 0;
		};
		F3EC9FA11A02F11500580511 /* Frameworks */ = {
			isa = PBXFrameworksBuildPhase;
			buildActionMask = 2147483647;
			files = (
			);
			runOnlyForDeploymentPostprocessing = 0;
		};
/* End PBXFrameworksBuildPhase section */

/* Begin PBXGroup section */
		F3EC9F7F1A02F11500580511 = {
			isa = PBXGroup;
			children = (
				F3EC9F8A1A02F11500580511 /* ParkApp */,
				F3EC9FA71A02F11500580511 /* ParkAppTests */,
				F3EC9F891A02F11500580511 /* Products */,
			);
			sourceTree = "<group>";
		};
		F3EC9F891A02F11500580511 /* Products */ = {
			isa = PBXGroup;
			children = (
				F3EC9F881A02F11500580511 /* ParkApp.app */,
				F3EC9FA41A02F11500580511 /* ParkAppTests.xctest */,
			);
			name = Products;
			sourceTree = "<group>";
		};
		F3EC9F8A1A02F11500580511 /* ParkApp */ = {
			isa = PBXGroup;
			children = (
				F3EC9F8F1A02F11500580511 /* AppDelegate.h */,
				F3EC9F901A02F11500580511 /* AppDelegate.m */,
				F3EC9F921A02F11500580511 /* FirstViewController.h */,
				F3EC9F931A02F11500580511 /* FirstViewController.m */,
				F3EC9F951A02F11500580511 /* SecondViewController.h */,
				F3EC9F961A02F11500580511 /* SecondViewController.m */,
				F3EC9F981A02F11500580511 /* Main.storyboard */,
				F3EC9F9B1A02F11500580511 /* Images.xcassets */,
				F3EC9F9D1A02F11500580511 /* LaunchScreen.xib */,
				F3EC9F8B1A02F11500580511 /* Supporting Files */,
			);
			path = ParkApp;
			sourceTree = "<group>";
		};
		F3EC9F8B1A02F11500580511 /* Supporting Files */ = {
			isa = PBXGroup;
			children = (
				F3EC9F8C1A02F11500580511 /* Info.plist */,
				F3EC9F8D1A02F11500580511 /* main.m */,
			);
			name = "Supporting Files";
			sourceTree = "<group>";
		};
		F3EC9FA71A02F11500580511 /* ParkAppTests */ = {
			isa = PBXGroup;
			children = (
				F3EC9FAA1A02F11500580511 /* ParkAppTests.m */,
				F3EC9FA81A02F11500580511 /* Supporting Files */,
			);
			path = ParkAppTests;
			sourceTree = "<group>";
		};
		F3EC9FA81A02F11500580511 /* Supporting Files */ = {
			isa = PBXGroup;
			children = (
				F3EC9FA91A02F11500580511 /* Info.plist */,
			);
			name = "Supporting Files";
			sourceTree = "<group>";
		};
/* End PBXGroup section */

/* Begin PBXNativeTarget section */
		F3EC9F871A02F11500580511 /* ParkApp */ = {
			isa = PBXNativeTarget;
			buildConfigurationList = F3EC9FAE1A02F11500580511 /* Build configuration list for PBXNativeTarget "ParkApp" */;
			buildPhases = (
				F3EC9F841A02F11500580511 /* Sources */,
				F3EC9F851A02F11500580511 /* Frameworks */,
				F3EC9F861A02F11500580511 /* Resources */,
			);
			buildRules = (
			);
			dependencies = (
			);
			name = ParkApp;
			productName = ParkApp;
			productReference = F3EC9F881A02F11500580511 /* ParkApp.app */;
			productType = "com.apple.product-type.application";
		};
		F3EC9FA31A02F11500580511 /* ParkAppTests */ = {
			isa = PBXNativeTarget;
			buildConfigurationList = F3EC9FB11A02F11500580511 /* Build configuration list for PBXNativeTarget "ParkAppTests" */;
			buildPhases = (
				F3EC9FA01A02F11500580511 /* Sources */,
				F3EC9FA11A02F11500580511 /* Frameworks */,
				F3EC9FA21A02F11500580511 /* Resources */,
			);
			buildRules = (
			);
			dependencies = (
				F3EC9FA61A02F11500580511 /* PBXTargetDependency */,
			);
			name = ParkAppTests;
			productName = ParkAppTests;
			productReference = F3EC9FA41A02F11500580511 /* ParkAppTests.xctest */;
			productType = "com.apple.product-type.bundle.unit-test";
		};
/* End PBXNativeTarget section */

/* Begin PBXProject section */
		F3EC9F801A02F11500580511 /* Project object */ = {
			isa = PBXProject;
			attributes = {
				LastUpgradeCheck = 0610;
				ORGANIZATIONNAME = "Smit Patel";
				TargetAttributes = {
					F3EC9F871A02F11500580511 = {
						CreatedOnToolsVersion = 6.1;
					};
					F3EC9FA31A02F11500580511 = {
						CreatedOnToolsVersion = 6.1;
						TestTargetID = F3EC9F871A02F11500580511;
					};
				};
			};
			buildConfigurationList = F3EC9F831A02F11500580511 /* Build configuration list for PBXProject "ParkApp" */;
			compatibilityVersion = "Xcode 3.2";
			developmentRegion = English;
			hasScannedForEncodings = 0;
			knownRegions = (
				en,
				Base,
			);
			mainGroup = F3EC9F7F1A02F11500580511;
			productRefGroup = F3EC9F891A02F11500580511 /* Products */;
			projectDirPath = "";
			projectRoot = "";
			targets = (
				F3EC9F871A02F11500580511 /* ParkApp */,
				F3EC9FA31A02F11500580511 /* ParkAppTests */,
			);
		};
/* End PBXProject section */

/* Begin PBXResourcesBuildPhase section */
		F3EC9F861A02F11500580511 /* Resources */ = {
			isa = PBXResourcesBuildPhase;
			buildActionMask = 2147483647;
			files = (
				F3EC9F9A1A02F11500580511 /* Main.storyboard in Resources */,
				F3EC9F9F1A02F11500580511 /* LaunchScreen.xib in Resources */,
				F3EC9F9C1A02F11500580511 /* Images.xcassets in Resources */,
			);
			runOnlyForDeploymentPostprocessing = 0;
		};
		F3EC9FA21A02F11500580511 /* Resources */ = {
			isa = PBXResourcesBuildPhase;
			buildActionMask = 2147483647;
			files = (
			);
			runOnlyForDeploymentPostprocessing = 0;
		};
/* End PBXResourcesBuildPhase section */

/* Begin PBXSourcesBuildPhase section */
		F3EC9F841A02F11500580511 /* Sources */ = {
			isa = PBXSourcesBuildPhase;
			buildActionMask = 2147483647;
			files = (
				F3EC9F971A02F11500580511 /* SecondViewController.m in Sources */,
				F3EC9F911A02F11500580511 /* AppDelegate.m in Sources */,
				F3EC9F941A02F11500580511 /* FirstViewController.m in Sources */,
				F3EC9F8E1A02F11500580511 /* main.m in Sources */,
			);
			runOnlyForDeploymentPostprocessing = 0;
		};
		F3EC9FA01A02F11500580511 /* Sources */ = {
			isa = PBXSourcesBuildPhase;
			buildActionMask = 2147483647;
			files = (
				F3EC9FAB1A02F11500580511 /* ParkAppTests.m in Sources */,
			);
			runOnlyForDeploymentPostprocessing = 0;
		};
/* End PBXSourcesBuildPhase section */

/* Begin PBXTargetDependency section */
		F3EC9FA61A02F11500580511 /* PBXTargetDependency */ = {
			isa = PBXTargetDependency;
			target = F3EC9F871A02F11500580511 /* ParkApp */;
			targetProxy = F3EC9FA51A02F11500580511 /* PBXContainerItemProxy */;
		};
/* End PBXTargetDependency section */

/* Begin PBXVariantGroup section */
		F3EC9F981A02F11500580511 /* Main.storyboard */ = {
			isa = PBXVariantGroup;
			children = (
				F3EC9F991A02F11500580511 /* Base */,
			);
			name = Main.storyboard;
			sourceTree = "<group>";
		};
		F3EC9F9D1A02F11500580511 /* LaunchScreen.xib */ = {
			isa = PBXVariantGroup;
			children = (
				F3EC9F9E1A02F11500580511 /* Base */,
			);
			name = LaunchScreen.xib;
			sourceTree = "<group>";
		};
/* End PBXVariantGroup section */

/* Begin XCBuildConfiguration section */
		F3EC9FAC1A02F11500580511 /* Debug */ = {
			isa = XCBuildConfiguration;
			buildSettings = {
				ALWAYS_SEARCH_USER_PATHS = NO;
				CLANG_CXX_LANGUAGE_STANDARD = "gnu++0x";
				CLANG_CXX_LIBRARY = "libc++";
				CLANG_ENABLE_MODULES = YES;
				CLANG_ENABLE_OBJC_ARC = YES;
				CLANG_WARN_BOOL_CONVERSION = YES;
				CLANG_WARN_CONSTANT_CONVERSION = YES;
				CLANG_WARN_DIRECT_OBJC_ISA_USAGE = YES_ERROR;
				CLANG_WARN_EMPTY_BODY = YES;
				CLANG_WARN_ENUM_CONVERSION = YES;
				CLANG_WARN_INT_CONVERSION = YES;
				CLANG_WARN_OBJC_ROOT_CLASS = YES_ERROR;
				CLANG_WARN_UNREACHABLE_CODE = YES;
				CLANG_WARN__DUPLICATE_METHOD_MATCH = YES;
				"CODE_SIGN_IDENTITY[sdk=iphoneos*]" = "iPhone Developer";
				COPY_PHASE_STRIP = NO;
				ENABLE_STRICT_OBJC_MSGSEND = YES;
				GCC_C_LANGUAGE_STANDARD = gnu99;
				GCC_DYNAMIC_NO_PIC = NO;
				GCC_OPTIMIZATION_LEVEL = 0;
				GCC_PREPROCESSOR_DEFINITIONS = (
					"DEBUG=1",
					"$(inherited)",
				);
				GCC_SYMBOLS_PRIVATE_EXTERN = NO;
				GCC_WARN_64_TO_32_BIT_CONVERSION = YES;
				GCC_WARN_ABOUT_RETURN_TYPE = YES_ERROR;
				GCC_WARN_UNDECLARED_SELECTOR = YES;
				GCC_WARN_UNINITIALIZED_AUTOS = YES_AGGRESSIVE;
				GCC_WARN_UNUSED_FUNCTION = YES;
				GCC_WARN_UNUSED_VARIABLE = YES;
				IPHONEOS_DEPLOYMENT_TARGET = 8.1;
				MTL_ENABLE_DEBUG_INFO = YES;
				ONLY_ACTIVE_ARCH = YES;
				SDKROOT = iphoneos;
			};
			name = Debug;
		};
		F3EC9FAD1A02F11500580511 /* Release */ = {
			isa = XCBuildConfiguration;
			buildSettings = {
				ALWAYS_SEARCH_USER_PATHS = NO;
				CLANG_CXX_LANGUAGE_STANDARD = "gnu++0x";
				CLANG_CXX_LIBRARY = "libc++";
				CLANG_ENABLE_MODULES = YES;
				CLANG_ENABLE_OBJC_ARC = YES;
				CLANG_WARN_BOOL_CONVERSION = YES;
				CLANG_WARN_CONSTANT_CONVERSION = YES;
				CLANG_WARN_DIRECT_OBJC_ISA_USAGE = YES_ERROR;
				CLANG_WARN_EMPTY_BODY = YES;
				CLANG_WARN_ENUM_CONVERSION = YES;
				CLANG_WARN_INT_CONVERSION = YES;
				CLANG_WARN_OBJC_ROOT_CLASS = YES_ERROR;
				CLANG_WARN_UNREACHABLE_CODE = YES;
				CLANG_WARN__DUPLICATE_METHOD_MATCH = YES;
				"CODE_SIGN_IDENTITY[sdk=iphoneos*]" = "iPhone Developer";
				COPY_PHASE_STRIP = YES;
				ENABLE_NS_ASSERTIONS = NO;
				ENABLE_STRICT_OBJC_MSGSEND = YES;
				GCC_C_LANGUAGE_STANDARD = gnu99;
				GCC_WARN_64_TO_32_BIT_CONVERSION = YES;
				GCC_WARN_ABOUT_RETURN_TYPE = YES_ERROR;
				GCC_WARN_UNDECLARED_SELECTOR = YES;
				GCC_WARN_UNINITIALIZED_AUTOS = YES_AGGRESSIVE;
				GCC_WARN_UNUSED_FUNCTION = YES;
				GCC_WARN_UNUSED_VARIABLE = YES;
				IPHONEOS_DEPLOYMENT_TARGET = 8.1;
				MTL_ENABLE_DEBUG_INFO = NO;
				SDKROOT = iphoneos;
				VALIDATE_PRODUCT = YES;
			};
			name = Release;
		};
		F3EC9FAF1A02F11500580511 /* Debug */ = {
			isa = XCBuildConfiguration;
			buildSettings = {
				ASSETCATALOG_COMPILER_APPICON_NAME = AppIcon;
				INFOPLIST_FILE = ParkApp/Info.plist;
				LD_RUNPATH_SEARCH_PATHS = "$(inherited) @executable_path/Frameworks";
				PRODUCT_NAME = "$(TARGET_NAME)";
			};
			name = Debug;
		};
		F3EC9FB01A02F11500580511 /* Release */ = {
			isa = XCBuildConfiguration;
			buildSettings = {
				ASSETCATALOG_COMPILER_APPICON_NAME = AppIcon;
				INFOPLIST_FILE = ParkApp/Info.plist;
				LD_RUNPATH_SEARCH_PATHS = "$(inherited) @executable_path/Frameworks";
				PRODUCT_NAME = "$(TARGET_NAME)";
			};
			name = Release;
		};
		F3EC9FB21A02F11500580511 /* Debug */ = {
			isa = XCBuildConfiguration;
			buildSettings = {
				BUNDLE_LOADER = "$(TEST_HOST)";
				FRAMEWORK_SEARCH_PATHS = (
					"$(SDKROOT)/Developer/Library/Frameworks",
					"$(inherited)",
				);
				GCC_PREPROCESSOR_DEFINITIONS = (
					"DEBUG=1",
					"$(inherited)",
				);
				INFOPLIST_FILE = ParkAppTests/Info.plist;
				LD_RUNPATH_SEARCH_PATHS = "$(inherited) @executable_path/Frameworks @loader_path/Frameworks";
				PRODUCT_NAME = "$(TARGET_NAME)";
				TEST_HOST = "$(BUILT_PRODUCTS_DIR)/ParkApp.app/ParkApp";
			};
			name = Debug;
		};
		F3EC9FB31A02F11500580511 /* Release */ = {
			isa = XCBuildConfiguration;
			buildSettings = {
				BUNDLE_LOADER = "$(TEST_HOST)";
				FRAMEWORK_SEARCH_PATHS = (
					"$(SDKROOT)/Developer/Library/Frameworks",
					"$(inherited)",
				);
				INFOPLIST_FILE = ParkAppTests/Info.plist;
				LD_RUNPATH_SEARCH_PATHS = "$(inherited) @executable_path/Frameworks @loader_path/Frameworks";
				PRODUCT_NAME = "$(TARGET_NAME)";
				TEST_HOST = "$(BUILT_PRODUCTS_DIR)/ParkApp.app/ParkApp";
			};
			name = Release;
		};
/* End XCBuildConfiguration section */

/* Begin XCConfigurationList section */
		F3EC9F831A02F11500580511 /* Build configuration list for PBXProject "ParkApp" */ = {
			isa = XCConfigurationList;
			buildConfigurations = (
				F3EC9FAC1A02F11500580511 /* Debug */,
				F3EC9FAD1A02F11500580511 /* Release */,
			);
			defaultConfigurationIsVisible = 0;
			defaultConfigurationName = Release;
		};
		F3EC9FAE1A02F11500580511 /* Build configuration list for PBXNativeTarget "ParkApp" */ = {
			isa = XCConfigurationList;
			buildConfigurations = (
				F3EC9FAF1A02F11500580511 /* Debug */,
				F3EC9FB01A02F11500580511 /* Release */,
			);
			defaultConfigurationIsVisible = 0;
		};
		F3EC9FB11A02F11500580511 /* Build configuration list for PBXNativeTarget "ParkAppTests" */ = {
			isa = XCConfigurationList;
			buildConfigurations = (
				F3EC9FB21A02F11500580511 /* Debug */,
				F3EC9FB31A02F11500580511 /* Release */,
			);
			defaultConfigurationIsVisible = 0;
		};
/* End XCConfigurationList section */
	};
	rootObject = F3EC9F801A02F11500580511 /* Project object */;
}
